// !$*UTF8*$!
{
	archiveVersion = 1;
	classes = {
	};
	objectVersion = 50;
	objects = {

/* Begin PBXBuildFile section */
		8E04271C2B4196E300AD13F1 /* AppDelegate.swift in Sources */ = {isa = PBXBuildFile; fileRef = 8E04271B2B4196E300AD13F1 /* AppDelegate.swift */; };
		8E04271E2B4196E300AD13F1 /* SceneDelegate.swift in Sources */ = {isa = PBXBuildFile; fileRef = 8E04271D2B4196E300AD13F1 /* SceneDelegate.swift */; };
		8E0427202B4196E300AD13F1 /* ContentView.swift in Sources */ = {isa = PBXBuildFile; fileRef = 8E04271F2B4196E300AD13F1 /* ContentView.swift */; };
		8E0427222B41970200AD13F1 /* Assets.xcassets in Resources */ = {isa = PBXBuildFile; fileRef = 8E0427212B41970200AD13F1 /* Assets.xcassets */; };
		8E0427252B41970200AD13F1 /* Preview Assets.xcassets in Resources */ = {isa = PBXBuildFile; fileRef = 8E0427242B41970200AD13F1 /* Preview Assets.xcassets */; };
		8E0427282B41970300AD13F1 /* LaunchScreen.storyboard in Resources */ = {isa = PBXBuildFile; fileRef = 8E0427262B41970300AD13F1 /* LaunchScreen.storyboard */; };
		8E0B13B32B420BE800C06BA2 /* NetworkManager.swift in Sources */ = {isa = PBXBuildFile; fileRef = 8E0B13B22B420BE800C06BA2 /* NetworkManager.swift */; };
		8E0B13B52B420F4B00C06BA2 /* Results.swift in Sources */ = {isa = PBXBuildFile; fileRef = 8E0B13B42B420F4B00C06BA2 /* Results.swift */; };
		8E6E8E792B42B02D00283BD2 /* DetailView.swift in Sources */ = {isa = PBXBuildFile; fileRef = 8E6E8E782B42B02D00283BD2 /* DetailView.swift */; };
		8E6E8E7B2B42C0EB00283BD2 /* WebView.swift in Sources */ = {isa = PBXBuildFile; fileRef = 8E6E8E7A2B42C0EA00283BD2 /* WebView.swift */; };
/* End PBXBuildFile section */

/* Begin PBXFileReference section */
		8E0427182B4196E300AD13F1 /* H4XOR News.app */ = {isa = PBXFileReference; explicitFileType = wrapper.application; includeInIndex = 0; path = "H4XOR News.app"; sourceTree = BUILT_PRODUCTS_DIR; };
		8E04271B2B4196E300AD13F1 /* AppDelegate.swift */ = {isa = PBXFileReference; lastKnownFileType = sourcecode.swift; path = AppDelegate.swift; sourceTree = "<group>"; };
		8E04271D2B4196E300AD13F1 /* SceneDelegate.swift */ = {isa = PBXFileReference; lastKnownFileType = sourcecode.swift; path = SceneDelegate.swift; sourceTree = "<group>"; };
		8E04271F2B4196E300AD13F1 /* ContentView.swift */ = {isa = PBXFileReference; lastKnownFileType = sourcecode.swift; path = ContentView.swift; sourceTree = "<group>"; };
		8E0427212B41970200AD13F1 /* Assets.xcassets */ = {isa = PBXFileReference; lastKnownFileType = folder.assetcatalog; path = Assets.xcassets; sourceTree = "<group>"; };
		8E0427242B41970200AD13F1 /* Preview Assets.xcassets */ = {isa = PBXFileReference; lastKnownFileType = folder.assetcatalog; path = "Preview Assets.xcassets"; sourceTree = "<group>"; };
		8E0427272B41970300AD13F1 /* Base */ = {isa = PBXFileReference; lastKnownFileType = file.storyboard; name = Base; path = Base.lproj/LaunchScreen.storyboard; sourceTree = "<group>"; };
		8E0427292B41970300AD13F1 /* Info.plist */ = {isa = PBXFileReference; lastKnownFileType = text.plist.xml; path = Info.plist; sourceTree = "<group>"; };
		8E0B13B22B420BE800C06BA2 /* NetworkManager.swift */ = {isa = PBXFileReference; lastKnownFileType = sourcecode.swift; path = NetworkManager.swift; sourceTree = "<group>"; };
		8E0B13B42B420F4B00C06BA2 /* Results.swift */ = {isa = PBXFileReference; lastKnownFileType = sourcecode.swift; path = Results.swift; sourceTree = "<group>"; };
		8E6E8E782B42B02D00283BD2 /* DetailView.swift */ = {isa = PBXFileReference; lastKnownFileType = sourcecode.swift; path = DetailView.swift; sourceTree = "<group>"; };
		8E6E8E7A2B42C0EA00283BD2 /* WebView.swift */ = {isa = PBXFileReference; lastKnownFileType = sourcecode.swift; path = WebView.swift; sourceTree = "<group>"; };
/* End PBXFileReference section */

/* Begin PBXFrameworksBuildPhase section */
		8E0427152B4196E200AD13F1 /* Frameworks */ = {
			isa = PBXFrameworksBuildPhase;
			buildActionMask = 2147483647;
			files = (
			);
			runOnlyForDeploymentPostprocessing = 0;
		};
/* End PBXFrameworksBuildPhase section */

/* Begin PBXGroup section */
		8E04270F2B4196E200AD13F1 = {
			isa = PBXGroup;
			children = (
				8E04271A2B4196E300AD13F1 /* H4XOR News */,
				8E0427192B4196E300AD13F1 /* Products */,
			);
			sourceTree = "<group>";
		};
		8E0427192B4196E300AD13F1 /* Products */ = {
			isa = PBXGroup;
			children = (
				8E0427182B4196E300AD13F1 /* H4XOR News.app */,
			);
			name = Products;
			sourceTree = "<group>";
		};
		8E04271A2B4196E300AD13F1 /* H4XOR News */ = {
			isa = PBXGroup;
			children = (
				8E0B13B12B420B5C00C06BA2 /* Models */,
				8E04271B2B4196E300AD13F1 /* AppDelegate.swift */,
				8E04271D2B4196E300AD13F1 /* SceneDelegate.swift */,
				8E6E8E772B42AFA000283BD2 /* Views */,
				8E0427212B41970200AD13F1 /* Assets.xcassets */,
				8E0427262B41970300AD13F1 /* LaunchScreen.storyboard */,
				8E0427292B41970300AD13F1 /* Info.plist */,
				8E0427232B41970200AD13F1 /* Preview Content */,
			);
			path = "H4XOR News";
			sourceTree = "<group>";
		};
		8E0427232B41970200AD13F1 /* Preview Content */ = {
			isa = PBXGroup;
			children = (
				8E0427242B41970200AD13F1 /* Preview Assets.xcassets */,
			);
			path = "Preview Content";
			sourceTree = "<group>";
		};
		8E0B13B12B420B5C00C06BA2 /* Models */ = {
			isa = PBXGroup;
			children = (
				8E0B13B22B420BE800C06BA2 /* NetworkManager.swift */,
				8E0B13B42B420F4B00C06BA2 /* Results.swift */,
			);
			path = Models;
			sourceTree = "<group>";
		};
		8E6E8E772B42AFA000283BD2 /* Views */ = {
			isa = PBXGroup;
			children = (
				8E04271F2B4196E300AD13F1 /* ContentView.swift */,
				8E6E8E782B42B02D00283BD2 /* DetailView.swift */,
				8E6E8E7A2B42C0EA00283BD2 /* WebView.swift */,
			);
			path = Views;
			sourceTree = "<group>";
		};
/* End PBXGroup section */

/* Begin PBXNativeTarget section */
		8E0427172B4196E200AD13F1 /* H4XOR News */ = {
			isa = PBXNativeTarget;
			buildConfigurationList = 8E04272C2B41970300AD13F1 /* Build configuration list for PBXNativeTarget "H4XOR News" */;
			buildPhases = (
				8E0427142B4196E200AD13F1 /* Sources */,
				8E0427152B4196E200AD13F1 /* Frameworks */,
				8E0427162B4196E200AD13F1 /* Resources */,
			);
			buildRules = (
			);
			dependencies = (
			);
			name = "H4XOR News";
			productName = "H4XOR News";
			productReference = 8E0427182B4196E300AD13F1 /* H4XOR News.app */;
			productType = "com.apple.product-type.application";
		};
/* End PBXNativeTarget section */

/* Begin PBXProject section */
		8E0427102B4196E200AD13F1 /* Project object */ = {
			isa = PBXProject;
			attributes = {
				LastSwiftUpdateCheck = 1160;
				LastUpgradeCheck = 1160;
				ORGANIZATIONNAME = "elsayed mansour mahfouz";
				TargetAttributes = {
					8E0427172B4196E200AD13F1 = {
						CreatedOnToolsVersion = 11.6;
					};
				};
			};
			buildConfigurationList = 8E0427132B4196E200AD13F1 /* Build configuration list for PBXProject "H4XOR News" */;
			compatibilityVersion = "Xcode 9.3";
			developmentRegion = en;
			hasScannedForEncodings = 0;
			knownRegions = (
				en,
				Base,
			);
			mainGroup = 8E04270F2B4196E200AD13F1;
			productRefGroup = 8E0427192B4196E300AD13F1 /* Products */;
			projectDirPath = "";
			projectRoot = "";
			targets = (
				8E0427172B4196E200AD13F1 /* H4XOR News */,
			);
		};
/* End PBXProject section */

/* Begin PBXResourcesBuildPhase section */
		8E0427162B4196E200AD13F1 /* Resources */ = {
			isa = PBXResourcesBuildPhase;
			buildActionMask = 2147483647;
			files = (
				8E0427282B41970300AD13F1 /* LaunchScreen.storyboard in Resources */,
				8E0427252B41970200AD13F1 /* Preview Assets.xcassets in Resources */,
				8E0427222B41970200AD13F1 /* Assets.xcassets in Resources */,
			);
			runOnlyForDeploymentPostprocessing = 0;
		};
/* End PBXResourcesBuildPhase section */

/* Begin PBXSourcesBuildPhase section */
		8E0427142B4196E200AD13F1 /* Sources */ = {
			isa = PBXSourcesBuildPhase;
			buildActionMask = 2147483647;
			files = (
				8E0B13B32B420BE800C06BA2 /* NetworkManager.swift in Sources */,
				8E6E8E792B42B02D00283BD2 /* DetailView.swift in Sources */,
				8E04271C2B4196E300AD13F1 /* AppDelegate.swift in Sources */,
				8E04271E2B4196E300AD13F1 /* SceneDelegate.swift in Sources */,
				8E0427202B4196E300AD13F1 /* ContentView.swift in Sources */,
				8E0B13B52B420F4B00C06BA2 /* Results.swift in Sources */,
				8E6E8E7B2B42C0EB00283BD2 /* WebView.swift in Sources */,
			);
			runOnlyForDeploymentPostprocessing = 0;
		};
/* End PBXSourcesBuildPhase section */

/* Begin PBXVariantGroup section */
		8E0427262B41970300AD13F1 /* LaunchScreen.storyboard */ = {
			isa = PBXVariantGroup;
			children = (
				8E0427272B41970300AD13F1 /* Base */,
			);
			name = LaunchScreen.storyboard;
			sourceTree = "<group>";
		};
/* End PBXVariantGroup section */

/* Begin XCBuildConfiguration section */
		8E04272A2B41970300AD13F1 /* Debug */ = {
			isa = XCBuildConfiguration;
			buildSettings = {
				ALWAYS_SEARCH_USER_PATHS = NO;
				CLANG_ANALYZER_NONNULL = YES;
				CLANG_ANALYZER_NUMBER_OBJECT_CONVERSION = YES_AGGRESSIVE;
				CLANG_CXX_LANGUAGE_STANDARD = "gnu++14";
				CLANG_CXX_LIBRARY = "libc++";
				CLANG_ENABLE_MODULES = YES;
				CLANG_ENABLE_OBJC_ARC = YES;
				CLANG_ENABLE_OBJC_WEAK = YES;
				CLANG_WARN_BLOCK_CAPTURE_AUTORELEASING = YES;
				CLANG_WARN_BOOL_CONVERSION = YES;
				CLANG_WARN_COMMA = YES;
				CLANG_WARN_CONSTANT_CONVERSION = YES;
				CLANG_WARN_DEPRECATED_OBJC_IMPLEMENTATIONS = YES;
				CLANG_WARN_DIRECT_OBJC_ISA_USAGE = YES_ERROR;
				CLANG_WARN_DOCUMENTATION_COMMENTS = YES;
				CLANG_WARN_EMPTY_BODY = YES;
				CLANG_WARN_ENUM_CONVERSION = YES;
				CLANG_WARN_INFINITE_RECURSION = YES;
				CLANG_WARN_INT_CONVERSION = YES;
				CLANG_WARN_NON_LITERAL_NULL_CONVERSION = YES;
				CLANG_WARN_OBJC_IMPLICIT_RETAIN_SELF = YES;
				CLANG_WARN_OBJC_LITERAL_CONVERSION = YES;
				CLANG_WARN_OBJC_ROOT_CLASS = YES_ERROR;
				CLANG_WARN_RANGE_LOOP_ANALYSIS = YES;
				CLANG_WARN_STRICT_PROTOTYPES = YES;
				CLANG_WARN_SUSPICIOUS_MOVE = YES;
				CLANG_WARN_UNGUARDED_AVAILABILITY = YES_AGGRESSIVE;
				CLANG_WARN_UNREACHABLE_CODE = YES;
				CLANG_WARN__DUPLICATE_METHOD_MATCH = YES;
				COPY_PHASE_STRIP = NO;
				DEBUG_INFORMATION_FORMAT = dwarf;
				ENABLE_STRICT_OBJC_MSGSEND = YES;
				ENABLE_TESTABILITY = YES;
				GCC_C_LANGUAGE_STANDARD = gnu11;
				GCC_DYNAMIC_NO_PIC = NO;
				GCC_NO_COMMON_BLOCKS = YES;
				GCC_OPTIMIZATION_LEVEL = 0;
				GCC_PREPROCESSOR_DEFINITIONS = (
					"DEBUG=1",
					"$(inherited)",
				);
				GCC_WARN_64_TO_32_BIT_CONVERSION = YES;
				GCC_WARN_ABOUT_RETURN_TYPE = YES_ERROR;
				GCC_WARN_UNDECLARED_SELECTOR = YES;
				GCC_WARN_UNINITIALIZED_AUTOS = YES_AGGRESSIVE;
				GCC_WARN_UNUSED_FUNCTION = YES;
				GCC_WARN_UNUSED_VARIABLE = YES;
				IPHONEOS_DEPLOYMENT_TARGET = 13.6;
				MTL_ENABLE_DEBUG_INFO = INCLUDE_SOURCE;
				MTL_FAST_MATH = YES;
				ONLY_ACTIVE_ARCH = YES;
				SDKROOT = iphoneos;
				SWIFT_ACTIVE_COMPILATION_CONDITIONS = DEBUG;
				SWIFT_OPTIMIZATION_LEVEL = "-Onone";
			};
			name = Debug;
		};
		8E04272B2B41970300AD13F1 /* Release */ = {
			isa = XCBuildConfiguration;
			buildSettings = {
				ALWAYS_SEARCH_USER_PATHS = NO;
				CLANG_ANALYZER_NONNULL = YES;
				CLANG_ANALYZER_NUMBER_OBJECT_CONVERSION = YES_AGGRESSIVE;
				CLANG_CXX_LANGUAGE_STANDARD = "gnu++14";
				CLANG_CXX_LIBRARY = "libc++";
				CLANG_ENABLE_MODULES = YES;
				CLANG_ENABLE_OBJC_ARC = YES;
				CLANG_ENABLE_OBJC_WEAK = YES;
				CLANG_WARN_BLOCK_CAPTURE_AUTORELEASING = YES;
				CLANG_WARN_BOOL_CONVERSION = YES;
				CLANG_WARN_COMMA = YES;
				CLANG_WARN_CONSTANT_CONVERSION = YES;
				CLANG_WARN_DEPRECATED_OBJC_IMPLEMENTATIONS = YES;
				CLANG_WARN_DIRECT_OBJC_ISA_USAGE = YES_ERROR;
				CLANG_WARN_DOCUMENTATION_COMMENTS = YES;
				CLANG_WARN_EMPTY_BODY = YES;
				CLANG_WARN_ENUM_CONVERSION = YES;
				CLANG_WARN_INFINITE_RECURSION = YES;
				CLANG_WARN_INT_CONVERSION = YES;
				CLANG_WARN_NON_LITERAL_NULL_CONVERSION = YES;
				CLANG_WARN_OBJC_IMPLICIT_RETAIN_SELF = YES;
				CLANG_WARN_OBJC_LITERAL_CONVERSION = YES;
				CLANG_WARN_OBJC_ROOT_CLASS = YES_ERROR;
				CLANG_WARN_RANGE_LOOP_ANALYSIS = YES;
				CLANG_WARN_STRICT_PROTOTYPES = YES;
				CLANG_WARN_SUSPICIOUS_MOVE = YES;
				CLANG_WARN_UNGUARDED_AVAILABILITY = YES_AGGRESSIVE;
				CLANG_WARN_UNREACHABLE_CODE = YES;
				CLANG_WARN__DUPLICATE_METHOD_MATCH = YES;
				COPY_PHASE_STRIP = NO;
				DEBUG_INFORMATION_FORMAT = "dwarf-with-dsym";
				ENABLE_NS_ASSERTIONS = NO;
				ENABLE_STRICT_OBJC_MSGSEND = YES;
				GCC_C_LANGUAGE_STANDARD = gnu11;
				GCC_NO_COMMON_BLOCKS = YES;
				GCC_WARN_64_TO_32_BIT_CONVERSION = YES;
				GCC_WARN_ABOUT_RETURN_TYPE = YES_ERROR;
				GCC_WARN_UNDECLARED_SELECTOR = YES;
				GCC_WARN_UNINITIALIZED_AUTOS = YES_AGGRESSIVE;
				GCC_WARN_UNUSED_FUNCTION = YES;
				GCC_WARN_UNUSED_VARIABLE = YES;
				IPHONEOS_DEPLOYMENT_TARGET = 13.6;
				MTL_ENABLE_DEBUG_INFO = NO;
				MTL_FAST_MATH = YES;
				SDKROOT = iphoneos;
				SWIFT_COMPILATION_MODE = wholemodule;
				SWIFT_OPTIMIZATION_LEVEL = "-O";
				VALIDATE_PRODUCT = YES;
			};
			name = Release;
		};
		8E04272D2B41970300AD13F1 /* Debug */ = {
			isa = XCBuildConfiguration;
			buildSettings = {
				ASSETCATALOG_COMPILER_APPICON_NAME = AppIcon;
				CODE_SIGN_STYLE = Automatic;
				DEVELOPMENT_ASSET_PATHS = "\"H4XOR News/Preview Content\"";
				ENABLE_PREVIEWS = YES;
				INFOPLIST_FILE = "H4XOR News/Info.plist";
				LD_RUNPATH_SEARCH_PATHS = (
					"$(inherited)",
					"@executable_path/Frameworks",
				);
				PRODUCT_BUNDLE_IDENTIFIER = "www.sm10.H4XOR-News";
				PRODUCT_NAME = "$(TARGET_NAME)";
				SWIFT_VERSION = 5.0;
				TARGETED_DEVICE_FAMILY = "1,2";
			};
			name = Debug;
		};
		8E04272E2B41970300AD13F1 /* Release */ = {
			isa = XCBuildConfiguration;
			buildSettings = {
				ASSETCATALOG_COMPILER_APPICON_NAME = AppIcon;
				CODE_SIGN_STYLE = Automatic;
				DEVELOPMENT_ASSET_PATHS = "\"H4XOR News/Preview Content\"";
				ENABLE_PREVIEWS = YES;
				INFOPLIST_FILE = "H4XOR News/Info.plist";
				LD_RUNPATH_SEARCH_PATHS = (
					"$(inherited)",
					"@executable_path/Frameworks",
				);
				PRODUCT_BUNDLE_IDENTIFIER = "www.sm10.H4XOR-News";
				PRODUCT_NAME = "$(TARGET_NAME)";
				SWIFT_VERSION = 5.0;
				TARGETED_DEVICE_FAMILY = "1,2";
			};
			name = Release;
		};
/* End XCBuildConfiguration section */

/* Begin XCConfigurationList section */
		8E0427132B4196E200AD13F1 /* Build configuration list for PBXProject "H4XOR News" */ = {
			isa = XCConfigurationList;
			buildConfigurations = (
				8E04272A2B41970300AD13F1 /* Debug */,
				8E04272B2B41970300AD13F1 /* Release */,
			);
			defaultConfigurationIsVisible = 0;
			defaultConfigurationName = Release;
		};
		8E04272C2B41970300AD13F1 /* Build configuration list for PBXNativeTarget "H4XOR News" */ = {
			isa = XCConfigurationList;
			buildConfigurations = (
				8E04272D2B41970300AD13F1 /* Debug */,
				8E04272E2B41970300AD13F1 /* Release */,
			);
			defaultConfigurationIsVisible = 0;
			defaultConfigurationName = Release;
		};
/* End XCConfigurationList section */
	};
	rootObject = 8E0427102B4196E200AD13F1 /* Project object */;
}
